// !$*UTF8*$!
{
	archiveVersion = 1;
	classes = {
	};
	objectVersion = 50;
	objects = {

/* Begin PBXBuildFile section */
		4D1137F323CD3EEC0056AAAD /* NESEmuUnitTest.mm in Sources */ = {isa = PBXBuildFile; fileRef = 4D1137F223CD3EEC0056AAAD /* NESEmuUnitTest.mm */; };
		4D1137FD23CD403E0056AAAD /* ChipNestestUnitTest.mm in Sources */ = {isa = PBXBuildFile; fileRef = 4D1137FC23CD403E0056AAAD /* ChipNestestUnitTest.mm */; };
		4D11382B23D533E70056AAAD /* Chip.cpp in Sources */ = {isa = PBXBuildFile; fileRef = 4D11382A23D533E60056AAAD /* Chip.cpp */; };
		4D11382C23D534280056AAAD /* Chip.cpp in Sources */ = {isa = PBXBuildFile; fileRef = 4D11382A23D533E60056AAAD /* Chip.cpp */; };
		4D6B9C2223E2310D000889C3 /* ChipVisual6502UnitTest.mm in Sources */ = {isa = PBXBuildFile; fileRef = 4D6B9C2123E2310D000889C3 /* ChipVisual6502UnitTest.mm */; };
		4D6FAB3123ECBF9C009977EE /* Visual6502.cpp in Sources */ = {isa = PBXBuildFile; fileRef = 4D6FAB2F23ECBF9C009977EE /* Visual6502.cpp */; };
		4D6FAB3423ECF19E009977EE /* CpuVisual2A03UnitTest.mm in Sources */ = {isa = PBXBuildFile; fileRef = 4D6FAB3323ECF19E009977EE /* CpuVisual2A03UnitTest.mm */; };
		4D70474E2402FAF1005A56B1 /* Nothing.cpp in Sources */ = {isa = PBXBuildFile; fileRef = 4D70474D2402FAF1005A56B1 /* Nothing.cpp */; };
		4D70474F2402FAF1005A56B1 /* Nothing.cpp in Sources */ = {isa = PBXBuildFile; fileRef = 4D70474D2402FAF1005A56B1 /* Nothing.cpp */; };
		4DD1EB802403911B00018E52 /* Common.cpp in Sources */ = {isa = PBXBuildFile; fileRef = 4DD1EB7E2403911B00018E52 /* Common.cpp */; };
		4DD1EB812403911B00018E52 /* Common.cpp in Sources */ = {isa = PBXBuildFile; fileRef = 4DD1EB7E2403911B00018E52 /* Common.cpp */; };
		4DD1EB832403FD1700018E52 /* main2.cpp in Sources */ = {isa = PBXBuildFile; fileRef = 4DD1EB822403FD1700018E52 /* main2.cpp */; };
		4DD1EB872404047900018E52 /* SDL2.framework in Frameworks */ = {isa = PBXBuildFile; fileRef = 4DD1EB862404047900018E52 /* SDL2.framework */; };
		4DD7179223FEAADC00005D8C /* Common.cpp in Sources */ = {isa = PBXBuildFile; fileRef = 4DD7179023FEAADC00005D8C /* Common.cpp */; };
		4DD7179323FEAADC00005D8C /* Common.cpp in Sources */ = {isa = PBXBuildFile; fileRef = 4DD7179023FEAADC00005D8C /* Common.cpp */; };
		4DFE480A24194264006B7DAB /* Interface.cpp in Sources */ = {isa = PBXBuildFile; fileRef = 4DFE480924194264006B7DAB /* Interface.cpp */; };
		4DFE480B241942C1006B7DAB /* Interface.cpp in Sources */ = {isa = PBXBuildFile; fileRef = 4DFE480924194264006B7DAB /* Interface.cpp */; };
		4DFE480D241942FF006B7DAB /* INes.cpp in Sources */ = {isa = PBXBuildFile; fileRef = 4DFE480C241942FF006B7DAB /* INes.cpp */; };
		4DFE480E241942FF006B7DAB /* INes.cpp in Sources */ = {isa = PBXBuildFile; fileRef = 4DFE480C241942FF006B7DAB /* INes.cpp */; };
/* End PBXBuildFile section */

/* Begin PBXCopyFilesBuildPhase section */
		4DE643EF23BAE2EC00CFFE4E /* CopyFiles */ = {
			isa = PBXCopyFilesBuildPhase;
			buildActionMask = 2147483647;
			dstPath = /usr/share/man/man1/;
			dstSubfolderSpec = 0;
			files = (
			);
			runOnlyForDeploymentPostprocessing = 1;
		};
/* End PBXCopyFilesBuildPhase section */

/* Begin PBXFileReference section */
		4D09C9DA24082EB30035AE0C /* Mapper2.hpp */ = {isa = PBXFileReference; lastKnownFileType = sourcecode.cpp.h; path = Mapper2.hpp; sourceTree = "<group>"; };
		4D09C9DB24082EC10035AE0C /* Mapper2_s.hpp */ = {isa = PBXFileReference; lastKnownFileType = sourcecode.cpp.h; path = Mapper2_s.hpp; sourceTree = "<group>"; };
		4D09C9DC24083FEB0035AE0C /* Mapper7.hpp */ = {isa = PBXFileReference; lastKnownFileType = sourcecode.cpp.h; path = Mapper7.hpp; sourceTree = "<group>"; };
		4D09C9DD24083FFF0035AE0C /* Mapper7_s.hpp */ = {isa = PBXFileReference; lastKnownFileType = sourcecode.cpp.h; path = Mapper7_s.hpp; sourceTree = "<group>"; };
		4D09C9DE2408DFE30035AE0C /* Mapper4.hpp */ = {isa = PBXFileReference; lastKnownFileType = sourcecode.cpp.h; path = Mapper4.hpp; sourceTree = "<group>"; };
		4D09C9DF2408DFF30035AE0C /* Mapper4_s.hpp */ = {isa = PBXFileReference; lastKnownFileType = sourcecode.cpp.h; path = Mapper4_s.hpp; sourceTree = "<group>"; };
		4D1137F023CD3EEC0056AAAD /* NESEmuUnitTest.xctest */ = {isa = PBXFileReference; explicitFileType = wrapper.cfbundle; includeInIndex = 0; path = NESEmuUnitTest.xctest; sourceTree = BUILT_PRODUCTS_DIR; };
		4D1137F223CD3EEC0056AAAD /* NESEmuUnitTest.mm */ = {isa = PBXFileReference; lastKnownFileType = sourcecode.cpp.objcpp; path = NESEmuUnitTest.mm; sourceTree = "<group>"; };
		4D1137F423CD3EEC0056AAAD /* Info.plist */ = {isa = PBXFileReference; lastKnownFileType = text.plist.xml; path = Info.plist; sourceTree = "<group>"; };
		4D1137FC23CD403E0056AAAD /* ChipNestestUnitTest.mm */ = {isa = PBXFileReference; lastKnownFileType = sourcecode.cpp.objcpp; path = ChipNestestUnitTest.mm; sourceTree = "<group>"; };
		4D11382A23D533E60056AAAD /* Chip.cpp */ = {isa = PBXFileReference; lastKnownFileType = sourcecode.cpp.cpp; path = Chip.cpp; sourceTree = "<group>"; };
		4D5DD38023CABF15003AE868 /* Undocumented.hpp */ = {isa = PBXFileReference; lastKnownFileType = sourcecode.cpp.h; path = Undocumented.hpp; sourceTree = "<group>"; };
		4D5DD38123CABF5D003AE868 /* Undocumented_s.hpp */ = {isa = PBXFileReference; lastKnownFileType = sourcecode.cpp.h; path = Undocumented_s.hpp; sourceTree = "<group>"; };
		4D6B9C1C23D6AC08000889C3 /* Ppu.hpp */ = {isa = PBXFileReference; lastKnownFileType = sourcecode.cpp.h; path = Ppu.hpp; sourceTree = "<group>"; };
		4D6B9C1E23D92987000889C3 /* Ppu_s.hpp */ = {isa = PBXFileReference; lastKnownFileType = sourcecode.cpp.h; path = Ppu_s.hpp; sourceTree = "<group>"; };
		4D6B9C1F23D92C32000889C3 /* Cpu.hpp */ = {isa = PBXFileReference; lastKnownFileType = sourcecode.cpp.h; path = Cpu.hpp; sourceTree = "<group>"; };
		4D6B9C2023D92D25000889C3 /* Cpu_s.hpp */ = {isa = PBXFileReference; lastKnownFileType = sourcecode.cpp.h; path = Cpu_s.hpp; sourceTree = "<group>"; };
		4D6B9C2123E2310D000889C3 /* ChipVisual6502UnitTest.mm */ = {isa = PBXFileReference; lastKnownFileType = sourcecode.cpp.objcpp; path = ChipVisual6502UnitTest.mm; sourceTree = "<group>"; };
		4D6E33152405CE1400749F24 /* Mapper3.hpp */ = {isa = PBXFileReference; lastKnownFileType = sourcecode.cpp.h; path = Mapper3.hpp; sourceTree = "<group>"; };
		4D6E33162405CEC000749F24 /* Mapper3_s.hpp */ = {isa = PBXFileReference; lastKnownFileType = sourcecode.cpp.h; path = Mapper3_s.hpp; sourceTree = "<group>"; };
		4D6E33172406015900749F24 /* Mapper1.hpp */ = {isa = PBXFileReference; lastKnownFileType = sourcecode.cpp.h; path = Mapper1.hpp; sourceTree = "<group>"; };
		4D6E33182406017500749F24 /* Mapper1_s.hpp */ = {isa = PBXFileReference; lastKnownFileType = sourcecode.cpp.h; path = Mapper1_s.hpp; sourceTree = "<group>"; };
		4D6FAB2B23EB719A009977EE /* Cpu6502FullAccess.hpp */ = {isa = PBXFileReference; lastKnownFileType = sourcecode.cpp.h; path = Cpu6502FullAccess.hpp; sourceTree = "<group>"; };
		4D6FAB2D23EC6BDA009977EE /* Common.hpp */ = {isa = PBXFileReference; lastKnownFileType = sourcecode.cpp.h; path = Common.hpp; sourceTree = "<group>"; };
		4D6FAB2E23EC6C48009977EE /* Common_s.hpp */ = {isa = PBXFileReference; lastKnownFileType = sourcecode.cpp.h; path = Common_s.hpp; sourceTree = "<group>"; };
		4D6FAB2F23ECBF9C009977EE /* Visual6502.cpp */ = {isa = PBXFileReference; lastKnownFileType = sourcecode.cpp.cpp; path = Visual6502.cpp; sourceTree = "<group>"; };
		4D6FAB3023ECBF9C009977EE /* Visual6502.hpp */ = {isa = PBXFileReference; lastKnownFileType = sourcecode.cpp.h; path = Visual6502.hpp; sourceTree = "<group>"; };
		4D6FAB3223ECC363009977EE /* Visual6502_s.hpp */ = {isa = PBXFileReference; lastKnownFileType = sourcecode.cpp.h; path = Visual6502_s.hpp; sourceTree = "<group>"; };
		4D6FAB3323ECF19E009977EE /* CpuVisual2A03UnitTest.mm */ = {isa = PBXFileReference; lastKnownFileType = sourcecode.cpp.objcpp; path = CpuVisual2A03UnitTest.mm; sourceTree = "<group>"; };
		4D6FAB3523EE3B15009977EE /* Cpu2A03FullAccess.hpp */ = {isa = PBXFileReference; lastKnownFileType = sourcecode.cpp.h; path = Cpu2A03FullAccess.hpp; sourceTree = "<group>"; };
		4D7047492401FDC8005A56B1 /* Standard.hpp */ = {isa = PBXFileReference; lastKnownFileType = sourcecode.cpp.h; path = Standard.hpp; sourceTree = "<group>"; };
		4D70474B2402A2BF005A56B1 /* Standard_s.hpp */ = {isa = PBXFileReference; lastKnownFileType = sourcecode.cpp.h; path = Standard_s.hpp; sourceTree = "<group>"; };
		4D70474C2402FA9D005A56B1 /* Nothing.hpp */ = {isa = PBXFileReference; lastKnownFileType = sourcecode.cpp.h; path = Nothing.hpp; sourceTree = "<group>"; };
		4D70474D2402FAF1005A56B1 /* Nothing.cpp */ = {isa = PBXFileReference; lastKnownFileType = sourcecode.cpp.cpp; path = Nothing.cpp; sourceTree = "<group>"; };
		4D9807EE23C39A66007D1953 /* Data.hpp */ = {isa = PBXFileReference; lastKnownFileType = sourcecode.cpp.h; path = Data.hpp; sourceTree = "<group>"; };
		4D9807EF23C50190007D1953 /* AddressingMode.hpp */ = {isa = PBXFileReference; lastKnownFileType = sourcecode.cpp.h; path = AddressingMode.hpp; sourceTree = "<group>"; };
		4D9807F023C50448007D1953 /* Flag.hpp */ = {isa = PBXFileReference; lastKnownFileType = sourcecode.cpp.h; path = Flag.hpp; sourceTree = "<group>"; };
		4D9807F123C5051B007D1953 /* Branch.hpp */ = {isa = PBXFileReference; lastKnownFileType = sourcecode.cpp.h; path = Branch.hpp; sourceTree = "<group>"; };
		4D9807F223C5059D007D1953 /* Stack.hpp */ = {isa = PBXFileReference; lastKnownFileType = sourcecode.cpp.h; path = Stack.hpp; sourceTree = "<group>"; };
		4D9807F323C506A8007D1953 /* Memory.hpp */ = {isa = PBXFileReference; lastKnownFileType = sourcecode.cpp.h; path = Memory.hpp; sourceTree = "<group>"; };
		4D9807F423C5073E007D1953 /* Logic.hpp */ = {isa = PBXFileReference; lastKnownFileType = sourcecode.cpp.h; path = Logic.hpp; sourceTree = "<group>"; };
		4D9807F523C507B9007D1953 /* Arithmetic.hpp */ = {isa = PBXFileReference; lastKnownFileType = sourcecode.cpp.h; path = Arithmetic.hpp; sourceTree = "<group>"; };
		4D9807F623C5089D007D1953 /* Interrupt.hpp */ = {isa = PBXFileReference; lastKnownFileType = sourcecode.cpp.h; path = Interrupt.hpp; sourceTree = "<group>"; };
		4D9807F723C50EB3007D1953 /* Flow.hpp */ = {isa = PBXFileReference; lastKnownFileType = sourcecode.cpp.h; path = Flow.hpp; sourceTree = "<group>"; };
		4D9807F823C50F35007D1953 /* Register.hpp */ = {isa = PBXFileReference; lastKnownFileType = sourcecode.cpp.h; path = Register.hpp; sourceTree = "<group>"; };
		4D9807F923C51579007D1953 /* AddressingMode_s.hpp */ = {isa = PBXFileReference; lastKnownFileType = sourcecode.cpp.h; path = AddressingMode_s.hpp; sourceTree = "<group>"; };
		4D9807FA23C5159B007D1953 /* Arithmetic_s.hpp */ = {isa = PBXFileReference; lastKnownFileType = sourcecode.cpp.h; path = Arithmetic_s.hpp; sourceTree = "<group>"; };
		4D9807FB23C515B3007D1953 /* Branch_s.hpp */ = {isa = PBXFileReference; lastKnownFileType = sourcecode.cpp.h; path = Branch_s.hpp; sourceTree = "<group>"; };
		4D9807FC23C515CA007D1953 /* Flag_s.hpp */ = {isa = PBXFileReference; lastKnownFileType = sourcecode.cpp.h; path = Flag_s.hpp; sourceTree = "<group>"; };
		4D9807FD23C515DD007D1953 /* Flow_s.hpp */ = {isa = PBXFileReference; lastKnownFileType = sourcecode.cpp.h; path = Flow_s.hpp; sourceTree = "<group>"; };
		4D9807FE23C515F1007D1953 /* Interrupt_s.hpp */ = {isa = PBXFileReference; lastKnownFileType = sourcecode.cpp.h; path = Interrupt_s.hpp; sourceTree = "<group>"; };
		4D9807FF23C51607007D1953 /* Logic_s.hpp */ = {isa = PBXFileReference; lastKnownFileType = sourcecode.cpp.h; path = Logic_s.hpp; sourceTree = "<group>"; };
		4D98080023C5161A007D1953 /* Memory_s.hpp */ = {isa = PBXFileReference; lastKnownFileType = sourcecode.cpp.h; path = Memory_s.hpp; sourceTree = "<group>"; };
		4D98080123C5163C007D1953 /* Register_s.hpp */ = {isa = PBXFileReference; lastKnownFileType = sourcecode.cpp.h; path = Register_s.hpp; sourceTree = "<group>"; };
		4D98080223C51651007D1953 /* Stack_s.hpp */ = {isa = PBXFileReference; lastKnownFileType = sourcecode.cpp.h; path = Stack_s.hpp; sourceTree = "<group>"; };
		4DD1EB7D240373DB00018E52 /* Mapper0_s.hpp */ = {isa = PBXFileReference; lastKnownFileType = sourcecode.cpp.h; path = Mapper0_s.hpp; sourceTree = "<group>"; };
		4DD1EB7E2403911B00018E52 /* Common.cpp */ = {isa = PBXFileReference; lastKnownFileType = sourcecode.cpp.cpp; path = Common.cpp; sourceTree = "<group>"; };
		4DD1EB7F2403911B00018E52 /* Common.hpp */ = {isa = PBXFileReference; lastKnownFileType = sourcecode.cpp.h; path = Common.hpp; sourceTree = "<group>"; };
		4DD1EB822403FD1700018E52 /* main2.cpp */ = {isa = PBXFileReference; lastKnownFileType = sourcecode.cpp.cpp; path = main2.cpp; sourceTree = "<group>"; };
		4DD1EB862404047900018E52 /* SDL2.framework */ = {isa = PBXFileReference; lastKnownFileType = wrapper.framework; name = SDL2.framework; path = ../../../../../Library/Frameworks/SDL2.framework; sourceTree = "<group>"; };
		4DD7178E23F3814600005D8C /* Mapper0.hpp */ = {isa = PBXFileReference; lastKnownFileType = sourcecode.cpp.h; path = Mapper0.hpp; sourceTree = "<group>"; };
		4DD7178F23F3815900005D8C /* Interface.hpp */ = {isa = PBXFileReference; lastKnownFileType = sourcecode.cpp.h; path = Interface.hpp; sourceTree = "<group>"; };
		4DD7179023FEAADC00005D8C /* Common.cpp */ = {isa = PBXFileReference; lastKnownFileType = sourcecode.cpp.cpp; path = Common.cpp; sourceTree = "<group>"; };
		4DD7179123FEAADC00005D8C /* Common.hpp */ = {isa = PBXFileReference; lastKnownFileType = sourcecode.cpp.h; path = Common.hpp; sourceTree = "<group>"; };
		4DE643F123BAE2EC00CFFE4E /* NESEmu */ = {isa = PBXFileReference; explicitFileType = "compiled.mach-o.executable"; includeInIndex = 0; path = NESEmu; sourceTree = BUILT_PRODUCTS_DIR; };
		4DE643F423BAE2EC00CFFE4E /* main.cpp */ = {isa = PBXFileReference; lastKnownFileType = sourcecode.cpp.cpp; path = main.cpp; sourceTree = "<group>"; };
		4DE643FB23BAE5CE00CFFE4E /* Chip.hpp */ = {isa = PBXFileReference; lastKnownFileType = sourcecode.cpp.h; path = Chip.hpp; sourceTree = "<group>"; };
		4DE643FC23BAF12400CFFE4E /* Chip_s.hpp */ = {isa = PBXFileReference; lastKnownFileType = sourcecode.cpp.h; path = Chip_s.hpp; sourceTree = "<group>"; };
		4DFE480324193D55006B7DAB /* Factory.hpp */ = {isa = PBXFileReference; lastKnownFileType = sourcecode.cpp.h; path = Factory.hpp; sourceTree = "<group>"; };
		4DFE480424193F4E006B7DAB /* Factory_s.hpp */ = {isa = PBXFileReference; lastKnownFileType = sourcecode.cpp.h; path = Factory_s.hpp; sourceTree = "<group>"; };
		4DFE4808241941D2006B7DAB /* Data.hpp */ = {isa = PBXFileReference; lastKnownFileType = sourcecode.cpp.h; path = Data.hpp; sourceTree = "<group>"; };
		4DFE480924194264006B7DAB /* Interface.cpp */ = {isa = PBXFileReference; lastKnownFileType = sourcecode.cpp.cpp; path = Interface.cpp; sourceTree = "<group>"; };
		4DFE480C241942FF006B7DAB /* INes.cpp */ = {isa = PBXFileReference; lastKnownFileType = sourcecode.cpp.cpp; path = INes.cpp; sourceTree = "<group>"; };
		4DFE480F241951FD006B7DAB /* Model.hpp */ = {isa = PBXFileReference; lastKnownFileType = sourcecode.cpp.h; path = Model.hpp; sourceTree = "<group>"; };
		4DFE481024199D5B006B7DAB /* Nothing_s.hpp */ = {isa = PBXFileReference; lastKnownFileType = sourcecode.cpp.h; path = Nothing_s.hpp; sourceTree = "<group>"; };
		4DFF461124184AF0005D3F21 /* Nothing.hpp */ = {isa = PBXFileReference; lastKnownFileType = sourcecode.cpp.h; path = Nothing.hpp; sourceTree = "<group>"; };
		4DFF461424184C6D005D3F21 /* Nes.hpp */ = {isa = PBXFileReference; lastKnownFileType = sourcecode.cpp.h; path = Nes.hpp; sourceTree = "<group>"; };
		4DFF461524184D0B005D3F21 /* Nes_s.hpp */ = {isa = PBXFileReference; lastKnownFileType = sourcecode.cpp.h; path = Nes_s.hpp; sourceTree = "<group>"; };
		4DFF461A241865FF005D3F21 /* Interface.hpp */ = {isa = PBXFileReference; lastKnownFileType = sourcecode.cpp.h; path = Interface.hpp; sourceTree = "<group>"; };
		4DFF461E241868C9005D3F21 /* Interface.hpp */ = {isa = PBXFileReference; lastKnownFileType = sourcecode.cpp.h; path = Interface.hpp; sourceTree = "<group>"; };
		4DFF461F24186A74005D3F21 /* INes.hpp */ = {isa = PBXFileReference; lastKnownFileType = sourcecode.cpp.h; path = INes.hpp; sourceTree = "<group>"; };
		4DFF46272418778C005D3F21 /* Interface_s.hpp */ = {isa = PBXFileReference; lastKnownFileType = sourcecode.cpp.h; path = Interface_s.hpp; sourceTree = "<group>"; };
/* End PBXFileReference section */

/* Begin PBXFrameworksBuildPhase section */
		4D1137ED23CD3EEC0056AAAD /* Frameworks */ = {
			isa = PBXFrameworksBuildPhase;
			buildActionMask = 2147483647;
			files = (
			);
			runOnlyForDeploymentPostprocessing = 0;
		};
		4DE643EE23BAE2EC00CFFE4E /* Frameworks */ = {
			isa = PBXFrameworksBuildPhase;
			buildActionMask = 2147483647;
			files = (
				4DD1EB872404047900018E52 /* SDL2.framework in Frameworks */,
			);
			runOnlyForDeploymentPostprocessing = 0;
		};
/* End PBXFrameworksBuildPhase section */

/* Begin PBXGroup section */
		4D1137F123CD3EEC0056AAAD /* NESEmuUnitTest */ = {
			isa = PBXGroup;
			children = (
				4D1137F923CD3FA10056AAAD /* Cpu6502 */,
				4D6FAB3523EE3B15009977EE /* Cpu2A03FullAccess.hpp */,
				4D6FAB3323ECF19E009977EE /* CpuVisual2A03UnitTest.mm */,
				4D1137F223CD3EEC0056AAAD /* NESEmuUnitTest.mm */,
				4D1137F423CD3EEC0056AAAD /* Info.plist */,
			);
			path = NESEmuUnitTest;
			sourceTree = "<group>";
		};
		4D1137F823CD3F660056AAAD /* Cpu6502 */ = {
			isa = PBXGroup;
			children = (
				4D11382D23D5421D0056AAAD /* Internal */,
				4DE643FB23BAE5CE00CFFE4E /* Chip.hpp */,
				4D11382A23D533E60056AAAD /* Chip.cpp */,
			);
			path = Cpu6502;
			sourceTree = "<group>";
		};
		4D1137F923CD3FA10056AAAD /* Cpu6502 */ = {
			isa = PBXGroup;
			children = (
				4D6FAB2B23EB719A009977EE /* Cpu6502FullAccess.hpp */,
				4D6FAB3023ECBF9C009977EE /* Visual6502.hpp */,
				4D6FAB3223ECC363009977EE /* Visual6502_s.hpp */,
				4D6FAB2F23ECBF9C009977EE /* Visual6502.cpp */,
				4D1137FC23CD403E0056AAAD /* ChipNestestUnitTest.mm */,
				4D6B9C2123E2310D000889C3 /* ChipVisual6502UnitTest.mm */,
			);
			path = Cpu6502;
			sourceTree = "<group>";
		};
		4D11382D23D5421D0056AAAD /* Internal */ = {
			isa = PBXGroup;
			children = (
				4DE643FC23BAF12400CFFE4E /* Chip_s.hpp */,
				4D9807EE23C39A66007D1953 /* Data.hpp */,
				4D9807EF23C50190007D1953 /* AddressingMode.hpp */,
				4D9807F923C51579007D1953 /* AddressingMode_s.hpp */,
				4D6FAB2D23EC6BDA009977EE /* Common.hpp */,
				4D6FAB2E23EC6C48009977EE /* Common_s.hpp */,
				4D9807F523C507B9007D1953 /* Arithmetic.hpp */,
				4D9807FA23C5159B007D1953 /* Arithmetic_s.hpp */,
				4D9807F123C5051B007D1953 /* Branch.hpp */,
				4D9807FB23C515B3007D1953 /* Branch_s.hpp */,
				4D9807F023C50448007D1953 /* Flag.hpp */,
				4D9807FC23C515CA007D1953 /* Flag_s.hpp */,
				4D9807F723C50EB3007D1953 /* Flow.hpp */,
				4D9807FD23C515DD007D1953 /* Flow_s.hpp */,
				4D9807F623C5089D007D1953 /* Interrupt.hpp */,
				4D9807FE23C515F1007D1953 /* Interrupt_s.hpp */,
				4D9807F423C5073E007D1953 /* Logic.hpp */,
				4D9807FF23C51607007D1953 /* Logic_s.hpp */,
				4D9807F323C506A8007D1953 /* Memory.hpp */,
				4D98080023C5161A007D1953 /* Memory_s.hpp */,
				4D9807F823C50F35007D1953 /* Register.hpp */,
				4D98080123C5163C007D1953 /* Register_s.hpp */,
				4D9807F223C5059D007D1953 /* Stack.hpp */,
				4D98080223C51651007D1953 /* Stack_s.hpp */,
				4D5DD38023CABF15003AE868 /* Undocumented.hpp */,
				4D5DD38123CABF5D003AE868 /* Undocumented_s.hpp */,
			);
			path = Internal;
			sourceTree = "<group>";
		};
		4D6B9C1D23D8CE32000889C3 /* NESEmu */ = {
			isa = PBXGroup;
			children = (
				4DD7179123FEAADC00005D8C /* Common.hpp */,
				4DD7179023FEAADC00005D8C /* Common.cpp */,
				4D6B9C1F23D92C32000889C3 /* Cpu.hpp */,
				4D6B9C2023D92D25000889C3 /* Cpu_s.hpp */,
				4D6B9C1C23D6AC08000889C3 /* Ppu.hpp */,
				4D6B9C1E23D92987000889C3 /* Ppu_s.hpp */,
				4D7047482401FC80005A56B1 /* Controller */,
				4D70474A240202D9005A56B1 /* Cartridge */,
				4DFF461424184C6D005D3F21 /* Nes.hpp */,
				4DFF461524184D0B005D3F21 /* Nes_s.hpp */,
			);
			path = NESEmu;
			sourceTree = "<group>";
		};
		4D7047482401FC80005A56B1 /* Controller */ = {
			isa = PBXGroup;
			children = (
				4DD7178F23F3815900005D8C /* Interface.hpp */,
				4D70474C2402FA9D005A56B1 /* Nothing.hpp */,
				4D70474D2402FAF1005A56B1 /* Nothing.cpp */,
				4D7047492401FDC8005A56B1 /* Standard.hpp */,
				4D70474B2402A2BF005A56B1 /* Standard_s.hpp */,
			);
			path = Controller;
			sourceTree = "<group>";
		};
		4D70474A240202D9005A56B1 /* Cartridge */ = {
			isa = PBXGroup;
			children = (
				4DFE480F241951FD006B7DAB /* Model.hpp */,
				4DFF461A241865FF005D3F21 /* Interface.hpp */,
				4DFF46272418778C005D3F21 /* Interface_s.hpp */,
				4DFF461124184AF0005D3F21 /* Nothing.hpp */,
				4DFE481024199D5B006B7DAB /* Nothing_s.hpp */,
				4DD1EB7F2403911B00018E52 /* Common.hpp */,
				4DD1EB7E2403911B00018E52 /* Common.cpp */,
				4DD7178E23F3814600005D8C /* Mapper0.hpp */,
				4DD1EB7D240373DB00018E52 /* Mapper0_s.hpp */,
				4D6E33172406015900749F24 /* Mapper1.hpp */,
				4D6E33182406017500749F24 /* Mapper1_s.hpp */,
				4D09C9DA24082EB30035AE0C /* Mapper2.hpp */,
				4D09C9DB24082EC10035AE0C /* Mapper2_s.hpp */,
				4D6E33152405CE1400749F24 /* Mapper3.hpp */,
				4D6E33162405CEC000749F24 /* Mapper3_s.hpp */,
				4D09C9DE2408DFE30035AE0C /* Mapper4.hpp */,
				4D09C9DF2408DFF30035AE0C /* Mapper4_s.hpp */,
				4D09C9DC24083FEB0035AE0C /* Mapper7.hpp */,
				4D09C9DD24083FFF0035AE0C /* Mapper7_s.hpp */,
				4DFF461D241868AF005D3F21 /* Loader */,
				4DFE480324193D55006B7DAB /* Factory.hpp */,
				4DFE480424193F4E006B7DAB /* Factory_s.hpp */,
			);
			path = Cartridge;
			sourceTree = "<group>";
		};
		4DD1EB852404047900018E52 /* Frameworks */ = {
			isa = PBXGroup;
			children = (
				4DD1EB862404047900018E52 /* SDL2.framework */,
			);
			name = Frameworks;
			sourceTree = "<group>";
		};
		4DE643E823BAE2EC00CFFE4E = {
			isa = PBXGroup;
			children = (
				4DE643F323BAE2EC00CFFE4E /* NESEmu */,
				4D1137F123CD3EEC0056AAAD /* NESEmuUnitTest */,
				4DE643F223BAE2EC00CFFE4E /* Products */,
				4DD1EB852404047900018E52 /* Frameworks */,
			);
			sourceTree = "<group>";
		};
		4DE643F223BAE2EC00CFFE4E /* Products */ = {
			isa = PBXGroup;
			children = (
				4DE643F123BAE2EC00CFFE4E /* NESEmu */,
				4D1137F023CD3EEC0056AAAD /* NESEmuUnitTest.xctest */,
			);
			name = Products;
			sourceTree = "<group>";
		};
		4DE643F323BAE2EC00CFFE4E /* NESEmu */ = {
			isa = PBXGroup;
			children = (
				4D1137F823CD3F660056AAAD /* Cpu6502 */,
				4D6B9C1D23D8CE32000889C3 /* NESEmu */,
				4DE643F423BAE2EC00CFFE4E /* main.cpp */,
				4DD1EB822403FD1700018E52 /* main2.cpp */,
			);
			path = NESEmu;
			sourceTree = "<group>";
		};
		4DFF461D241868AF005D3F21 /* Loader */ = {
			isa = PBXGroup;
			children = (
				4DFE4808241941D2006B7DAB /* Data.hpp */,
				4DFF461E241868C9005D3F21 /* Interface.hpp */,
				4DFE480924194264006B7DAB /* Interface.cpp */,
				4DFF461F24186A74005D3F21 /* INes.hpp */,
				4DFE480C241942FF006B7DAB /* INes.cpp */,
			);
			path = Loader;
			sourceTree = "<group>";
		};
/* End PBXGroup section */

/* Begin PBXNativeTarget section */
		4D1137EF23CD3EEC0056AAAD /* NESEmuUnitTest */ = {
			isa = PBXNativeTarget;
			buildConfigurationList = 4D1137F723CD3EEC0056AAAD /* Build configuration list for PBXNativeTarget "NESEmuUnitTest" */;
			buildPhases = (
				4D1137EC23CD3EEC0056AAAD /* Sources */,
				4D1137ED23CD3EEC0056AAAD /* Frameworks */,
				4D1137EE23CD3EEC0056AAAD /* Resources */,
			);
			buildRules = (
			);
			dependencies = (
			);
			name = NESEmuUnitTest;
			productName = NESEmuUnitTest;
			productReference = 4D1137F023CD3EEC0056AAAD /* NESEmuUnitTest.xctest */;
			productType = "com.apple.product-type.bundle.unit-test";
		};
		4DE643F023BAE2EC00CFFE4E /* NESEmu */ = {
			isa = PBXNativeTarget;
			buildConfigurationList = 4DE643F823BAE2EC00CFFE4E /* Build configuration list for PBXNativeTarget "NESEmu" */;
			buildPhases = (
				4DE643ED23BAE2EC00CFFE4E /* Sources */,
				4DE643EE23BAE2EC00CFFE4E /* Frameworks */,
				4DE643EF23BAE2EC00CFFE4E /* CopyFiles */,
			);
			buildRules = (
			);
			dependencies = (
			);
			name = NESEmu;
			productName = NESEmu;
			productReference = 4DE643F123BAE2EC00CFFE4E /* NESEmu */;
			productType = "com.apple.product-type.tool";
		};
/* End PBXNativeTarget section */

/* Begin PBXProject section */
		4DE643E923BAE2EC00CFFE4E /* Project object */ = {
			isa = PBXProject;
			attributes = {
				LastUpgradeCheck = 1010;
				ORGANIZATIONNAME = "Jonathan Baliko";
				TargetAttributes = {
					4D1137EF23CD3EEC0056AAAD = {
						CreatedOnToolsVersion = 10.1;
					};
					4DE643F023BAE2EC00CFFE4E = {
						CreatedOnToolsVersion = 10.1;
					};
				};
			};
			buildConfigurationList = 4DE643EC23BAE2EC00CFFE4E /* Build configuration list for PBXProject "NESEmu" */;
			compatibilityVersion = "Xcode 9.3";
			developmentRegion = en;
			hasScannedForEncodings = 0;
			knownRegions = (
				en,
			);
			mainGroup = 4DE643E823BAE2EC00CFFE4E;
			productRefGroup = 4DE643F223BAE2EC00CFFE4E /* Products */;
			projectDirPath = "";
			projectRoot = "";
			targets = (
				4DE643F023BAE2EC00CFFE4E /* NESEmu */,
				4D1137EF23CD3EEC0056AAAD /* NESEmuUnitTest */,
			);
		};
/* End PBXProject section */

/* Begin PBXResourcesBuildPhase section */
		4D1137EE23CD3EEC0056AAAD /* Resources */ = {
			isa = PBXResourcesBuildPhase;
			buildActionMask = 2147483647;
			files = (
			);
			runOnlyForDeploymentPostprocessing = 0;
		};
/* End PBXResourcesBuildPhase section */

/* Begin PBXSourcesBuildPhase section */
		4D1137EC23CD3EEC0056AAAD /* Sources */ = {
			isa = PBXSourcesBuildPhase;
			buildActionMask = 2147483647;
			files = (
				4D6B9C2223E2310D000889C3 /* ChipVisual6502UnitTest.mm in Sources */,
				4DFE480B241942C1006B7DAB /* Interface.cpp in Sources */,
				4D1137F323CD3EEC0056AAAD /* NESEmuUnitTest.mm in Sources */,
				4DD1EB812403911B00018E52 /* Common.cpp in Sources */,
				4D6FAB3123ECBF9C009977EE /* Visual6502.cpp in Sources */,
				4D70474F2402FAF1005A56B1 /* Nothing.cpp in Sources */,
				4DFE480E241942FF006B7DAB /* INes.cpp in Sources */,
				4D1137FD23CD403E0056AAAD /* ChipNestestUnitTest.mm in Sources */,
				4D11382C23D534280056AAAD /* Chip.cpp in Sources */,
				4DD7179323FEAADC00005D8C /* Common.cpp in Sources */,
				4D6FAB3423ECF19E009977EE /* CpuVisual2A03UnitTest.mm in Sources */,
			);
			runOnlyForDeploymentPostprocessing = 0;
		};
		4DE643ED23BAE2EC00CFFE4E /* Sources */ = {
			isa = PBXSourcesBuildPhase;
			buildActionMask = 2147483647;
			files = (
				4DFE480D241942FF006B7DAB /* INes.cpp in Sources */,
				4DD1EB832403FD1700018E52 /* main2.cpp in Sources */,
				4D11382B23D533E70056AAAD /* Chip.cpp in Sources */,
				4DD7179223FEAADC00005D8C /* Common.cpp in Sources */,
				4DD1EB802403911B00018E52 /* Common.cpp in Sources */,
				4D70474E2402FAF1005A56B1 /* Nothing.cpp in Sources */,
				4DFE480A24194264006B7DAB /* Interface.cpp in Sources */,
			);
			runOnlyForDeploymentPostprocessing = 0;
		};
/* End PBXSourcesBuildPhase section */

/* Begin XCBuildConfiguration section */
		4D1137F523CD3EEC0056AAAD /* Debug */ = {
			isa = XCBuildConfiguration;
			buildSettings = {
				CLANG_CXX_LANGUAGE_STANDARD = "gnu++17";
				CODE_SIGN_STYLE = Automatic;
				COMBINE_HIDPI_IMAGES = YES;
				DEVELOPMENT_TEAM = N49JX257A6;
				HEADER_SEARCH_PATHS = "\"${SRCROOT}/NESEmu\"";
				INFOPLIST_FILE = NESEmuUnitTest/Info.plist;
				LD_RUNPATH_SEARCH_PATHS = (
					"$(inherited)",
					"@executable_path/../Frameworks",
					"@loader_path/../Frameworks",
				);
				OTHER_CFLAGS = "-DBUILD_DIR=\\\"${BUILD_DIR}\\\"";
				PRODUCT_BUNDLE_IDENTIFIER = mphweb.NESEmuUnitTest;
				PRODUCT_NAME = "$(TARGET_NAME)";
			};
			name = Debug;
		};
		4D1137F623CD3EEC0056AAAD /* Release */ = {
			isa = XCBuildConfiguration;
			buildSettings = {
				CLANG_CXX_LANGUAGE_STANDARD = "gnu++17";
				CODE_SIGN_STYLE = Automatic;
				COMBINE_HIDPI_IMAGES = YES;
				DEVELOPMENT_TEAM = N49JX257A6;
				HEADER_SEARCH_PATHS = "\"${SRCROOT}/NESEmu\"";
				INFOPLIST_FILE = NESEmuUnitTest/Info.plist;
				LD_RUNPATH_SEARCH_PATHS = (
					"$(inherited)",
					"@executable_path/../Frameworks",
					"@loader_path/../Frameworks",
				);
				OTHER_CFLAGS = "-DBUILD_DIR=\\\"${BUILD_DIR}\\\"";
				PRODUCT_BUNDLE_IDENTIFIER = mphweb.NESEmuUnitTest;
				PRODUCT_NAME = "$(TARGET_NAME)";
			};
			name = Release;
		};
		4DE643F623BAE2EC00CFFE4E /* Debug */ = {
			isa = XCBuildConfiguration;
			buildSettings = {
				ALWAYS_SEARCH_USER_PATHS = NO;
				CLANG_ANALYZER_NONNULL = YES;
				CLANG_ANALYZER_NUMBER_OBJECT_CONVERSION = YES_AGGRESSIVE;
				CLANG_CXX_LANGUAGE_STANDARD = "gnu++14";
				CLANG_CXX_LIBRARY = "libc++";
				CLANG_ENABLE_MODULES = YES;
				CLANG_ENABLE_OBJC_ARC = YES;
				CLANG_ENABLE_OBJC_WEAK = YES;
				CLANG_WARN_BLOCK_CAPTURE_AUTORELEASING = YES;
				CLANG_WARN_BOOL_CONVERSION = YES;
				CLANG_WARN_COMMA = YES;
				CLANG_WARN_CONSTANT_CONVERSION = YES;
				CLANG_WARN_DEPRECATED_OBJC_IMPLEMENTATIONS = YES;
				CLANG_WARN_DIRECT_OBJC_ISA_USAGE = YES_ERROR;
				CLANG_WARN_DOCUMENTATION_COMMENTS = YES;
				CLANG_WARN_EMPTY_BODY = YES;
				CLANG_WARN_ENUM_CONVERSION = YES;
				CLANG_WARN_INFINITE_RECURSION = YES;
				CLANG_WARN_INT_CONVERSION = YES;
				CLANG_WARN_NON_LITERAL_NULL_CONVERSION = YES;
				CLANG_WARN_OBJC_IMPLICIT_RETAIN_SELF = YES;
				CLANG_WARN_OBJC_LITERAL_CONVERSION = YES;
				CLANG_WARN_OBJC_ROOT_CLASS = YES_ERROR;
				CLANG_WARN_RANGE_LOOP_ANALYSIS = YES;
				CLANG_WARN_STRICT_PROTOTYPES = YES;
				CLANG_WARN_SUSPICIOUS_MOVE = YES;
				CLANG_WARN_UNGUARDED_AVAILABILITY = YES_AGGRESSIVE;
				CLANG_WARN_UNREACHABLE_CODE = YES;
				CLANG_WARN__DUPLICATE_METHOD_MATCH = YES;
				CODE_SIGN_IDENTITY = "Mac Developer";
				COPY_PHASE_STRIP = NO;
				DEBUG_INFORMATION_FORMAT = dwarf;
				ENABLE_STRICT_OBJC_MSGSEND = YES;
				ENABLE_TESTABILITY = YES;
				GCC_C_LANGUAGE_STANDARD = gnu11;
				GCC_DYNAMIC_NO_PIC = NO;
				GCC_NO_COMMON_BLOCKS = YES;
				GCC_OPTIMIZATION_LEVEL = 0;
				GCC_PREPROCESSOR_DEFINITIONS = (
					"DEBUG=1",
					"$(inherited)",
				);
				GCC_WARN_64_TO_32_BIT_CONVERSION = YES;
				GCC_WARN_ABOUT_RETURN_TYPE = YES_ERROR;
				GCC_WARN_UNDECLARED_SELECTOR = YES;
				GCC_WARN_UNINITIALIZED_AUTOS = YES_AGGRESSIVE;
				GCC_WARN_UNUSED_FUNCTION = YES;
				GCC_WARN_UNUSED_VARIABLE = YES;
				MACOSX_DEPLOYMENT_TARGET = 10.13;
				MTL_ENABLE_DEBUG_INFO = INCLUDE_SOURCE;
				MTL_FAST_MATH = YES;
				ONLY_ACTIVE_ARCH = YES;
				SDKROOT = macosx;
			};
			name = Debug;
		};
		4DE643F723BAE2EC00CFFE4E /* Release */ = {
			isa = XCBuildConfiguration;
			buildSettings = {
				ALWAYS_SEARCH_USER_PATHS = NO;
				CLANG_ANALYZER_NONNULL = YES;
				CLANG_ANALYZER_NUMBER_OBJECT_CONVERSION = YES_AGGRESSIVE;
				CLANG_CXX_LANGUAGE_STANDARD = "gnu++14";
				CLANG_CXX_LIBRARY = "libc++";
				CLANG_ENABLE_MODULES = YES;
				CLANG_ENABLE_OBJC_ARC = YES;
				CLANG_ENABLE_OBJC_WEAK = YES;
				CLANG_WARN_BLOCK_CAPTURE_AUTORELEASING = YES;
				CLANG_WARN_BOOL_CONVERSION = YES;
				CLANG_WARN_COMMA = YES;
				CLANG_WARN_CONSTANT_CONVERSION = YES;
				CLANG_WARN_DEPRECATED_OBJC_IMPLEMENTATIONS = YES;
				CLANG_WARN_DIRECT_OBJC_ISA_USAGE = YES_ERROR;
				CLANG_WARN_DOCUMENTATION_COMMENTS = YES;
				CLANG_WARN_EMPTY_BODY = YES;
				CLANG_WARN_ENUM_CONVERSION = YES;
				CLANG_WARN_INFINITE_RECURSION = YES;
				CLANG_WARN_INT_CONVERSION = YES;
				CLANG_WARN_NON_LITERAL_NULL_CONVERSION = YES;
				CLANG_WARN_OBJC_IMPLICIT_RETAIN_SELF = YES;
				CLANG_WARN_OBJC_LITERAL_CONVERSION = YES;
				CLANG_WARN_OBJC_ROOT_CLASS = YES_ERROR;
				CLANG_WARN_RANGE_LOOP_ANALYSIS = YES;
				CLANG_WARN_STRICT_PROTOTYPES = YES;
				CLANG_WARN_SUSPICIOUS_MOVE = YES;
				CLANG_WARN_UNGUARDED_AVAILABILITY = YES_AGGRESSIVE;
				CLANG_WARN_UNREACHABLE_CODE = YES;
				CLANG_WARN__DUPLICATE_METHOD_MATCH = YES;
				CODE_SIGN_IDENTITY = "Mac Developer";
				COPY_PHASE_STRIP = NO;
				DEBUG_INFORMATION_FORMAT = "dwarf-with-dsym";
				ENABLE_NS_ASSERTIONS = NO;
				ENABLE_STRICT_OBJC_MSGSEND = YES;
				GCC_C_LANGUAGE_STANDARD = gnu11;
				GCC_NO_COMMON_BLOCKS = YES;
				GCC_WARN_64_TO_32_BIT_CONVERSION = YES;
				GCC_WARN_ABOUT_RETURN_TYPE = YES_ERROR;
				GCC_WARN_UNDECLARED_SELECTOR = YES;
				GCC_WARN_UNINITIALIZED_AUTOS = YES_AGGRESSIVE;
				GCC_WARN_UNUSED_FUNCTION = YES;
				GCC_WARN_UNUSED_VARIABLE = YES;
				MACOSX_DEPLOYMENT_TARGET = 10.13;
				MTL_ENABLE_DEBUG_INFO = NO;
				MTL_FAST_MATH = YES;
				SDKROOT = macosx;
			};
			name = Release;
		};
		4DE643F923BAE2EC00CFFE4E /* Debug */ = {
			isa = XCBuildConfiguration;
			buildSettings = {
				CLANG_CXX_LANGUAGE_STANDARD = "gnu++17";
				CODE_SIGN_STYLE = Automatic;
				DEVELOPMENT_TEAM = N49JX257A6;
				FRAMEWORK_SEARCH_PATHS = (
					/Library/Frameworks,
					"$(LOCAL_LIBRARY_DIR)/Frameworks",
				);
				HEADER_SEARCH_PATHS = (
					"\"${SRCROOT}/NESEmu\"",
					/Library/Frameworks/SDL2.framework/Headers,
				);
				PRODUCT_NAME = "$(TARGET_NAME)";
			};
			name = Debug;
		};
		4DE643FA23BAE2EC00CFFE4E /* Release */ = {
			isa = XCBuildConfiguration;
			buildSettings = {
				CLANG_CXX_LANGUAGE_STANDARD = "gnu++17";
				CODE_SIGN_STYLE = Automatic;
				DEVELOPMENT_TEAM = N49JX257A6;
				FRAMEWORK_SEARCH_PATHS = (
					/Library/Frameworks,
					"$(LOCAL_LIBRARY_DIR)/Frameworks",
				);
				HEADER_SEARCH_PATHS = (
					"\"${SRCROOT}/NESEmu\"",
					/Library/Frameworks/SDL2.framework/Headers,
				);
				PRODUCT_NAME = "$(TARGET_NAME)";
			};
			name = Release;
		};
/* End XCBuildConfiguration section */

/* Begin XCConfigurationList section */
		4D1137F723CD3EEC0056AAAD /* Build configuration list for PBXNativeTarget "NESEmuUnitTest" */ = {
			isa = XCConfigurationList;
			buildConfigurations = (
				4D1137F523CD3EEC0056AAAD /* Debug */,
				4D1137F623CD3EEC0056AAAD /* Release */,
			);
			defaultConfigurationIsVisible = 0;
			defaultConfigurationName = Release;
		};
		4DE643EC23BAE2EC00CFFE4E /* Build configuration list for PBXProject "NESEmu" */ = {
			isa = XCConfigurationList;
			buildConfigurations = (
				4DE643F623BAE2EC00CFFE4E /* Debug */,
				4DE643F723BAE2EC00CFFE4E /* Release */,
			);
			defaultConfigurationIsVisible = 0;
			defaultConfigurationName = Release;
		};
		4DE643F823BAE2EC00CFFE4E /* Build configuration list for PBXNativeTarget "NESEmu" */ = {
			isa = XCConfigurationList;
			buildConfigurations = (
				4DE643F923BAE2EC00CFFE4E /* Debug */,
				4DE643FA23BAE2EC00CFFE4E /* Release */,
			);
			defaultConfigurationIsVisible = 0;
			defaultConfigurationName = Release;
		};
/* End XCConfigurationList section */
	};
	rootObject = 4DE643E923BAE2EC00CFFE4E /* Project object */;
}
